# This file is automatically @generated by Cargo.
# It is not intended for manual editing.
version = 3

[[package]]
name = "MeowThink"
version = "0.1.0"
dependencies = [
 "anyhow",
 "im",
 "log",
 "paw",
 "simplelog",
 "structopt",
 "thiserror",
]

[[package]]
name = "ansi_term"
version = "0.11.0"
source = "registry+https://github.com/rust-lang/crates.io-index"
checksum = "ee49baf6cb617b853aa8d93bf420db2383fab46d314482ca2803b40d5fde979b"
dependencies = [
 "winapi",
]

[[package]]
name = "anyhow"
version = "1.0.49"
source = "registry+https://github.com/rust-lang/crates.io-index"
checksum = "0a03e93e97a28fbc9f42fbc5ba0886a3c67eb637b476dbee711f80a6ffe8223d"

[[package]]
name = "atty"
version = "0.2.14"
source = "registry+https://github.com/rust-lang/crates.io-index"
checksum = "d9b39be18770d11421cdb1b9947a45dd3f37e93092cbf377614828a319d5fee8"
dependencies = [
 "hermit-abi",
 "libc",
 "winapi",
]

[[package]]
name = "autocfg"
version = "1.0.1"
source = "registry+https://github.com/rust-lang/crates.io-index"
checksum = "cdb031dd78e28731d87d56cc8ffef4a8f36ca26c38fe2de700543e627f8a464a"

[[package]]
name = "bitflags"
version = "1.3.2"
source = "registry+https://github.com/rust-lang/crates.io-index"
checksum = "bef38d45163c2f1dde094a7dfd33ccf595c92905c8f8f4fdc18d06fb1037718a"

[[package]]
name = "bitmaps"
version = "2.1.0"
source = "registry+https://github.com/rust-lang/crates.io-index"
checksum = "031043d04099746d8db04daf1fa424b2bc8bd69d92b25962dcde24da39ab64a2"
dependencies = [
 "typenum",
]

[[package]]
name = "cfg-if"
version = "1.0.0"
source = "registry+https://github.com/rust-lang/crates.io-index"
checksum = "baf1de4339761588bc0619e3cbc0120ee582ebb74b53b4efbf79117bd2da40fd"

[[package]]
name = "chrono"
version = "0.4.19"
source = "registry+https://github.com/rust-lang/crates.io-index"
checksum = "670ad68c9088c2a963aaa298cb369688cf3f9465ce5e2d4ca10e6e0098a1ce73"
dependencies = [
 "libc",
 "num-integer",
 "num-traits",
 "time",
 "winapi",
]

[[package]]
name = "clap"
version = "2.33.3"
source = "registry+https://github.com/rust-lang/crates.io-index"
checksum = "37e58ac78573c40708d45522f0d80fa2f01cc4f9b4e2bf749807255454312002"
dependencies = [
 "ansi_term",
 "atty",
 "bitflags",
 "strsim",
 "textwrap",
 "unicode-width",
 "vec_map",
]

[[package]]
name = "heck"
version = "0.3.3"
source = "registry+https://github.com/rust-lang/crates.io-index"
checksum = "6d621efb26863f0e9924c6ac577e8275e5e6b77455db64ffa6c65c904e9e132c"
dependencies = [
 "unicode-segmentation",
]

[[package]]
name = "hermit-abi"
version = "0.1.19"
source = "registry+https://github.com/rust-lang/crates.io-index"
checksum = "62b467343b94ba476dcb2500d242dadbb39557df889310ac77c5d99100aaac33"
dependencies = [
 "libc",
]

[[package]]
name = "im"
version = "15.0.0"
source = "registry+https://github.com/rust-lang/crates.io-index"
checksum = "111c1983f3c5bb72732df25cddacee9b546d08325fb584b5ebd38148be7b0246"
dependencies = [
 "bitmaps",
 "rand_core",
 "rand_xoshiro",
 "sized-chunks",
 "typenum",
 "version_check",
]

[[package]]
name = "lazy_static"
version = "1.4.0"
source = "registry+https://github.com/rust-lang/crates.io-index"
checksum = "e2abad23fbc42b3700f2f279844dc832adb2b2eb069b2df918f455c4e18cc646"

[[package]]
name = "libc"
version = "0.2.108"
source = "registry+https://github.com/rust-lang/crates.io-index"
checksum = "8521a1b57e76b1ec69af7599e75e38e7b7fad6610f037db8c79b127201b5d119"

[[package]]
name = "log"
version = "0.4.14"
source = "registry+https://github.com/rust-lang/crates.io-index"
checksum = "51b9bbe6c47d51fc3e1a9b945965946b4c44142ab8792c50835a980d362c2710"
dependencies = [
 "cfg-if",
]

[[package]]
name = "num-integer"
version = "0.1.44"
source = "registry+https://github.com/rust-lang/crates.io-index"
checksum = "d2cc698a63b549a70bc047073d2949cce27cd1c7b0a4a862d08a8031bc2801db"
dependencies = [
 "autocfg",
 "num-traits",
]

[[package]]
name = "num-traits"
version = "0.2.14"
source = "registry+https://github.com/rust-lang/crates.io-index"
checksum = "9a64b1ec5cda2586e284722486d802acf1f7dbdc623e2bfc57e65ca1cd099290"
dependencies = [
 "autocfg",
]

[[package]]
name = "paris"
version = "1.5.8"
source = "registry+https://github.com/rust-lang/crates.io-index"
checksum = "a25b44bc50356452ab4fdcdd6d6b0f70eddc4f9fd16c9ba142f69e74fb195165"

[[package]]
name = "paw"
version = "1.0.0"
source = "registry+https://github.com/rust-lang/crates.io-index"
checksum = "09c0fc9b564dbc3dc2ed7c92c0c144f4de340aa94514ce2b446065417c4084e9"
dependencies = [
 "paw-attributes",
 "paw-raw",
]

[[package]]
name = "paw-attributes"
version = "1.0.2"
source = "registry+https://github.com/rust-lang/crates.io-index"
checksum = "0f35583365be5d148e959284f42526841917b7bfa09e2d1a7ad5dde2cf0eaa39"
dependencies = [
 "proc-macro2",
 "quote",
 "syn",
]

[[package]]
name = "paw-raw"
version = "1.0.0"
source = "registry+https://github.com/rust-lang/crates.io-index"
checksum = "7f0b59668fe80c5afe998f0c0bf93322bf2cd66cafeeb80581f291716f3467f2"

[[package]]
name = "proc-macro-error"
version = "1.0.4"
source = "registry+https://github.com/rust-lang/crates.io-index"
checksum = "da25490ff9892aab3fcf7c36f08cfb902dd3e71ca0f9f9517bea02a73a5ce38c"
dependencies = [
 "proc-macro-error-attr",
 "proc-macro2",
 "quote",
 "syn",
 "version_check",
]

[[package]]
name = "proc-macro-error-attr"
version = "1.0.4"
source = "registry+https://github.com/rust-lang/crates.io-index"
checksum = "a1be40180e52ecc98ad80b184934baf3d0d29f979574e439af5a55274b35f869"
dependencies = [
 "proc-macro2",
 "quote",
 "version_check",
]

[[package]]
name = "proc-macro2"
version = "1.0.32"
source = "registry+https://github.com/rust-lang/crates.io-index"
checksum = "ba508cc11742c0dc5c1659771673afbab7a0efab23aa17e854cbab0837ed0b43"
dependencies = [
 "unicode-xid",
]

[[package]]
name = "quote"
version = "1.0.10"
source = "registry+https://github.com/rust-lang/crates.io-index"
checksum = "38bc8cc6a5f2e3655e0899c1b848643b2562f853f114bfec7be120678e3ace05"
dependencies = [
 "proc-macro2",
]

[[package]]
name = "rand_core"
version = "0.5.1"
source = "registry+https://github.com/rust-lang/crates.io-index"
checksum = "90bde5296fc891b0cef12a6d03ddccc162ce7b2aff54160af9338f8d40df6d19"

[[package]]
name = "rand_xoshiro"
version = "0.4.0"
source = "registry+https://github.com/rust-lang/crates.io-index"
checksum = "a9fcdd2e881d02f1d9390ae47ad8e5696a9e4be7b547a1da2afbc61973217004"
dependencies = [
 "rand_core",
]

[[package]]
name = "simplelog"
version = "0.11.1"
source = "registry+https://github.com/rust-lang/crates.io-index"
checksum = "ecabc0118918611790b8615670ab79296272cbe09496b6884b02b1e929c20886"
dependencies = [
 "chrono",
 "log",
 "paris",
 "termcolor",
]

[[package]]
name = "sized-chunks"
version = "0.6.5"
source = "registry+https://github.com/rust-lang/crates.io-index"
checksum = "16d69225bde7a69b235da73377861095455d298f2b970996eec25ddbb42b3d1e"
dependencies = [
 "bitmaps",
 "typenum",
]

[[package]]
name = "strsim"
version = "0.8.0"
source = "registry+https://github.com/rust-lang/crates.io-index"
checksum = "8ea5119cdb4c55b55d432abb513a0429384878c15dde60cc77b1c99de1a95a6a"

[[package]]
name = "structopt"
version = "0.3.25"
source = "registry+https://github.com/rust-lang/crates.io-index"
checksum = "40b9788f4202aa75c240ecc9c15c65185e6a39ccdeb0fd5d008b98825464c87c"
dependencies = [
 "clap",
 "lazy_static",
 "paw",
 "structopt-derive",
]

[[package]]
name = "structopt-derive"
version = "0.4.18"
source = "registry+https://github.com/rust-lang/crates.io-index"
checksum = "dcb5ae327f9cc13b68763b5749770cb9e048a99bd9dfdfa58d0cf05d5f64afe0"
dependencies = [
 "heck",
 "proc-macro-error",
 "proc-macro2",
 "quote",
 "syn",
]

[[package]]
name = "syn"
version = "1.0.82"
source = "registry+https://github.com/rust-lang/crates.io-index"
checksum = "8daf5dd0bb60cbd4137b1b587d2fc0ae729bc07cf01cd70b36a1ed5ade3b9d59"
dependencies = [
 "proc-macro2",
 "quote",
 "unicode-xid",
]

[[package]]
name = "termcolor"
version = "1.1.2"
source = "registry+https://github.com/rust-lang/crates.io-index"
checksum = "2dfed899f0eb03f32ee8c6a0aabdb8a7949659e3466561fc0adf54e26d88c5f4"
dependencies = [
 "winapi-util",
]

[[package]]
name = "textwrap"
version = "0.11.0"
source = "registry+https://github.com/rust-lang/crates.io-index"
checksum = "d326610f408c7a4eb6f51c37c330e496b08506c9457c9d34287ecc38809fb060"
dependencies = [
 "unicode-width",
]

[[package]]
name = "thiserror"
version = "1.0.30"
source = "registry+https://github.com/rust-lang/crates.io-index"
checksum = "854babe52e4df1653706b98fcfc05843010039b406875930a70e4d9644e5c417"
dependencies = [
 "thiserror-impl",
]

[[package]]
name = "thiserror-impl"
version = "1.0.30"
source = "registry+https://github.com/rust-lang/crates.io-index"
checksum = "aa32fd3f627f367fe16f893e2597ae3c05020f8bba2666a4e6ea73d377e5714b"
dependencies = [
 "proc-macro2",
 "quote",
 "syn",
]

[[package]]
name = "time"
version = "0.1.44"
source = "registry+https://github.com/rust-lang/crates.io-index"
checksum = "6db9e6914ab8b1ae1c260a4ae7a49b6c5611b40328a735b21862567685e73255"
dependencies = [
 "libc",
 "wasi",
 "winapi",
]

[[package]]
name = "typenum"
version = "1.14.0"
source = "registry+https://github.com/rust-lang/crates.io-index"
checksum = "b63708a265f51345575b27fe43f9500ad611579e764c79edbc2037b1121959ec"

[[package]]
name = "unicode-segmentation"
version = "1.8.0"
source = "registry+https://github.com/rust-lang/crates.io-index"
checksum = "8895849a949e7845e06bd6dc1aa51731a103c42707010a5b591c0038fb73385b"

[[package]]
name = "unicode-width"
version = "0.1.9"
source = "registry+https://github.com/rust-lang/crates.io-index"
checksum = "3ed742d4ea2bd1176e236172c8429aaf54486e7ac098db29ffe6529e0ce50973"

[[package]]
name = "unicode-xid"
version = "0.2.2"
source = "registry+https://github.com/rust-lang/crates.io-index"
checksum = "8ccb82d61f80a663efe1f787a51b16b5a51e3314d6ac365b08639f52387b33f3"

[[package]]
name = "vec_map"
version = "0.8.2"
source = "registry+https://github.com/rust-lang/crates.io-index"
checksum = "f1bddf1187be692e79c5ffeab891132dfb0f236ed36a43c7ed39f1165ee20191"

[[package]]
name = "version_check"
version = "0.9.3"
source = "registry+https://github.com/rust-lang/crates.io-index"
checksum = "5fecdca9a5291cc2b8dcf7dc02453fee791a280f3743cb0905f8822ae463b3fe"

[[package]]
name = "wasi"
version = "0.10.0+wasi-snapshot-preview1"
source = "registry+https://github.com/rust-lang/crates.io-index"
checksum = "1a143597ca7c7793eff794def352d41792a93c481eb1042423ff7ff72ba2c31f"

[[package]]
name = "winapi"
version = "0.3.9"
source = "registry+https://github.com/rust-lang/crates.io-index"
checksum = "5c839a674fcd7a98952e593242ea400abe93992746761e38641405d28b00f419"
dependencies = [
 "winapi-i686-pc-windows-gnu",
 "winapi-x86_64-pc-windows-gnu",
]

[[package]]
name = "winapi-i686-pc-windows-gnu"
version = "0.4.0"
source = "registry+https://github.com/rust-lang/crates.io-index"
checksum = "ac3b87c63620426dd9b991e5ce0329eff545bccbbb34f3be09ff6fb6ab51b7b6"

[[package]]
name = "winapi-util"
version = "0.1.5"
source = "registry+https://github.com/rust-lang/crates.io-index"
checksum = "70ec6ce85bb158151cae5e5c87f95a8e97d2c0c4b001223f33a334e3ce5de178"
dependencies = [
 "winapi",
]

[[package]]
name = "winapi-x86_64-pc-windows-gnu"
version = "0.4.0"
source = "registry+https://github.com/rust-lang/crates.io-index"
checksum = "712e227841d057c1ee1cd2fb22fa7e5a5461ae8e48fa2ca79ec42cfc1931183f"
